
Microsoft Visual Studio Solution File, Format Version 12.00
# Visual Studio Version 17
VisualStudioVersion = 17.13.35919.96 d17.13
MinimumVisualStudioVersion = 10.0.40219.1
Project("{FAE04EC0-301F-11D3-BF4B-00C04F79EFBC}") = "Turali", "Turali\Turali.csproj", "{4292AED2-4636-4BA1-AAC9-7C246EBBBF5D}"
EndProject
Global
	GlobalSection(SolutionConfigurationPlatforms) = preSolution
		Debug|Any CPU = Debug|Any CPU
		Release|Any CPU = Release|Any CPU
	EndGlobalSection
	GlobalSection(ProjectConfigurationPlatforms) = postSolution
		{4292AED2-4636-4BA1-AAC9-7C246EBBBF5D}.Debug|Any CPU.ActiveCfg = Debug|Any CPU
		{4292AED2-4636-4BA1-AAC9-7C246EBBBF5D}.Debug|Any CPU.Build.0 = Debug|Any CPU
		{4292AED2-4636-4BA1-AAC9-7C246EBBBF5D}.Release|Any CPU.ActiveCfg = Release|Any CPU
		{4292AED2-4636-4BA1-AAC9-7C246EBBBF5D}.Release|Any CPU.Build.0 = Release|Any CPU
	EndGlobalSection
	GlobalSection(SolutionProperties) = preSolution
		HideSolutionNode = FALSE
	EndGlobalSection
	GlobalSection(ExtensibilityGlobals) = postSolution
		SolutionGuid = {37CAAF63-9767-4C8B-B563-262DAAB2D5BF}
	EndGlobalSection
EndGlobal
